
Microsoft Visual Studio Solution File, Format Version 12.00
# Visual Studio Version 17
VisualStudioVersion = 17.3.32929.385
MinimumVisualStudioVersion = 10.0.40219.1
Project("{9A19103F-16F7-4668-BE54-9A1E7A4F7556}") = "Consumer", "Consumer\Consumer.csproj", "{05912AB5-457A-4ACC-873D-1C0880A3D0FE}"
EndProject
Project("{9A19103F-16F7-4668-BE54-9A1E7A4F7556}") = "Producer", "Producer\Producer.csproj", "{C411CFC8-FD9C-4035-A0E7-C46505083379}"
EndProject
Project("{2150E333-8FDC-42A3-9474-1A3956D46DE8}") = "Microservices", "Microservices", "{4D349557-AD08-42C5-9880-413E9A5638B3}"
EndProject
Project("{2150E333-8FDC-42A3-9474-1A3956D46DE8}") = "Domain", "Domain", "{050DF7B5-C014-4F65-AB07-70ABB3E8B0F0}"
EndProject
Project("{2150E333-8FDC-42A3-9474-1A3956D46DE8}") = "Infra.Bus", "Infra.Bus", "{5FB09B0D-03F4-4B4A-8981-9BAB70DC9CA8}"
EndProject
Project("{2150E333-8FDC-42A3-9474-1A3956D46DE8}") = "Infra.IOC", "Infra.IOC", "{24F8A154-D1B2-4D9A-B058-A9DC3661CD67}"
EndProject
Project("{2150E333-8FDC-42A3-9474-1A3956D46DE8}") = "Presentation", "Presentation", "{40520B5E-6F0E-4EDB-A388-7D014C6C2C56}"
EndProject
Project("{FAE04EC0-301F-11D3-BF4B-00C04F79EFBC}") = "MicroRabbit.Domain.Core", "MicroRabbit.Domain.Core\MicroRabbit.Domain.Core.csproj", "{00ACFE78-5306-4FB9-97BA-F16702D7BC65}"
EndProject
Project("{FAE04EC0-301F-11D3-BF4B-00C04F79EFBC}") = "MicroRabbit.Infra.Bus", "MicroRabbit.Infra.Bus\MicroRabbit.Infra.Bus.csproj", "{DFBB7DB6-F332-4D16-BCD6-FBE99DC446DA}"
EndProject
Project("{FAE04EC0-301F-11D3-BF4B-00C04F79EFBC}") = "MicroRabbit.Infra.IOC", "MicroRabbit.Infra.IOC\MicroRabbit.Infra.IOC.csproj", "{CBEF9761-50E5-4E05-8505-5C62F24F9FB4}"
EndProject
Global
	GlobalSection(SolutionConfigurationPlatforms) = preSolution
		Debug|Any CPU = Debug|Any CPU
		Release|Any CPU = Release|Any CPU
	EndGlobalSection
	GlobalSection(ProjectConfigurationPlatforms) = postSolution
		{05912AB5-457A-4ACC-873D-1C0880A3D0FE}.Debug|Any CPU.ActiveCfg = Debug|Any CPU
		{05912AB5-457A-4ACC-873D-1C0880A3D0FE}.Debug|Any CPU.Build.0 = Debug|Any CPU
		{05912AB5-457A-4ACC-873D-1C0880A3D0FE}.Release|Any CPU.ActiveCfg = Release|Any CPU
		{05912AB5-457A-4ACC-873D-1C0880A3D0FE}.Release|Any CPU.Build.0 = Release|Any CPU
		{C411CFC8-FD9C-4035-A0E7-C46505083379}.Debug|Any CPU.ActiveCfg = Debug|Any CPU
		{C411CFC8-FD9C-4035-A0E7-C46505083379}.Debug|Any CPU.Build.0 = Debug|Any CPU
		{C411CFC8-FD9C-4035-A0E7-C46505083379}.Release|Any CPU.ActiveCfg = Release|Any CPU
		{C411CFC8-FD9C-4035-A0E7-C46505083379}.Release|Any CPU.Build.0 = Release|Any CPU
		{00ACFE78-5306-4FB9-97BA-F16702D7BC65}.Debug|Any CPU.ActiveCfg = Debug|Any CPU
		{00ACFE78-5306-4FB9-97BA-F16702D7BC65}.Debug|Any CPU.Build.0 = Debug|Any CPU
		{00ACFE78-5306-4FB9-97BA-F16702D7BC65}.Release|Any CPU.ActiveCfg = Release|Any CPU
		{00ACFE78-5306-4FB9-97BA-F16702D7BC65}.Release|Any CPU.Build.0 = Release|Any CPU
		{DFBB7DB6-F332-4D16-BCD6-FBE99DC446DA}.Debug|Any CPU.ActiveCfg = Debug|Any CPU
		{DFBB7DB6-F332-4D16-BCD6-FBE99DC446DA}.Debug|Any CPU.Build.0 = Debug|Any CPU
		{DFBB7DB6-F332-4D16-BCD6-FBE99DC446DA}.Release|Any CPU.ActiveCfg = Release|Any CPU
		{DFBB7DB6-F332-4D16-BCD6-FBE99DC446DA}.Release|Any CPU.Build.0 = Release|Any CPU
		{CBEF9761-50E5-4E05-8505-5C62F24F9FB4}.Debug|Any CPU.ActiveCfg = Debug|Any CPU
		{CBEF9761-50E5-4E05-8505-5C62F24F9FB4}.Debug|Any CPU.Build.0 = Debug|Any CPU
		{CBEF9761-50E5-4E05-8505-5C62F24F9FB4}.Release|Any CPU.ActiveCfg = Release|Any CPU
		{CBEF9761-50E5-4E05-8505-5C62F24F9FB4}.Release|Any CPU.Build.0 = Release|Any CPU
	EndGlobalSection
	GlobalSection(SolutionProperties) = preSolution
		HideSolutionNode = FALSE
	EndGlobalSection
	GlobalSection(NestedProjects) = preSolution
		{00ACFE78-5306-4FB9-97BA-F16702D7BC65} = {050DF7B5-C014-4F65-AB07-70ABB3E8B0F0}
		{DFBB7DB6-F332-4D16-BCD6-FBE99DC446DA} = {5FB09B0D-03F4-4B4A-8981-9BAB70DC9CA8}
		{CBEF9761-50E5-4E05-8505-5C62F24F9FB4} = {24F8A154-D1B2-4D9A-B058-A9DC3661CD67}
	EndGlobalSection
	GlobalSection(ExtensibilityGlobals) = postSolution
		SolutionGuid = {E69C9705-9B25-421F-8FBA-855FAF4BE8F4}
	EndGlobalSection
EndGlobal
