
Microsoft Visual Studio Solution File, Format Version 12.00
# Visual Studio Version 17
VisualStudioVersion = 17.3.32929.385
MinimumVisualStudioVersion = 10.0.40219.1
Project("{9A19103F-16F7-4668-BE54-9A1E7A4F7556}") = "Consumer", "Consumer\Consumer.csproj", "{05912AB5-457A-4ACC-873D-1C0880A3D0FE}"
EndProject
Project("{9A19103F-16F7-4668-BE54-9A1E7A4F7556}") = "Producer", "Producer\Producer.csproj", "{C411CFC8-FD9C-4035-A0E7-C46505083379}"
EndProject
Project("{2150E333-8FDC-42A3-9474-1A3956D46DE8}") = "Microservices", "Microservices", "{4D349557-AD08-42C5-9880-413E9A5638B3}"
EndProject
Project("{2150E333-8FDC-42A3-9474-1A3956D46DE8}") = "Domain", "Domain", "{050DF7B5-C014-4F65-AB07-70ABB3E8B0F0}"
EndProject
Project("{2150E333-8FDC-42A3-9474-1A3956D46DE8}") = "Infra.Bus", "Infra.Bus", "{5FB09B0D-03F4-4B4A-8981-9BAB70DC9CA8}"
EndProject
Project("{2150E333-8FDC-42A3-9474-1A3956D46DE8}") = "Infra.IOC", "Infra.IOC", "{24F8A154-D1B2-4D9A-B058-A9DC3661CD67}"
EndProject
Project("{2150E333-8FDC-42A3-9474-1A3956D46DE8}") = "Presentation", "Presentation", "{40520B5E-6F0E-4EDB-A388-7D014C6C2C56}"
EndProject
Project("{9A19103F-16F7-4668-BE54-9A1E7A4F7556}") = "MicroRabbit.Domain.Core", "MicroRabbit.Domain.Core\MicroRabbit.Domain.Core.csproj", "{00ACFE78-5306-4FB9-97BA-F16702D7BC65}"
EndProject
Project("{9A19103F-16F7-4668-BE54-9A1E7A4F7556}") = "MicroRabbit.Infra.Bus", "MicroRabbit.Infra.Bus\MicroRabbit.Infra.Bus.csproj", "{DFBB7DB6-F332-4D16-BCD6-FBE99DC446DA}"
EndProject
Project("{9A19103F-16F7-4668-BE54-9A1E7A4F7556}") = "MicroRabbit.Infra.IOC", "MicroRabbit.Infra.IOC\MicroRabbit.Infra.IOC.csproj", "{CBEF9761-50E5-4E05-8505-5C62F24F9FB4}"
EndProject
Project("{2150E333-8FDC-42A3-9474-1A3956D46DE8}") = "Banking", "Banking", "{98A35B7C-AEFC-47A6-93BC-EE1F88247074}"
EndProject
Project("{2150E333-8FDC-42A3-9474-1A3956D46DE8}") = "API", "API", "{432EB496-46CA-4090-A5D5-13897AE3923D}"
EndProject
Project("{2150E333-8FDC-42A3-9474-1A3956D46DE8}") = "Domain", "Domain", "{537B3A5F-0588-4302-B91A-6C9A2EDF3A23}"
EndProject
Project("{2150E333-8FDC-42A3-9474-1A3956D46DE8}") = "Application", "Application", "{0C588AEC-CC5B-453A-BC8E-0101463950E5}"
EndProject
Project("{2150E333-8FDC-42A3-9474-1A3956D46DE8}") = "Data", "Data", "{ECE6D6F8-7BF9-44CE-A46A-DA7DFD279130}"
EndProject
Project("{9A19103F-16F7-4668-BE54-9A1E7A4F7556}") = "MicroRabbit.Banking.Application", "MicroRabbit.Banking.Application\MicroRabbit.Banking.Application.csproj", "{1C377849-3688-45AA-B0E1-2353DF966F2D}"
EndProject
Project("{9A19103F-16F7-4668-BE54-9A1E7A4F7556}") = "MicroRabbit.Banking.Data", "MicroRabbit.Banking.Data\MicroRabbit.Banking.Data.csproj", "{642070D0-4ABC-4C2F-BCAB-10801EB3007C}"
EndProject
Project("{9A19103F-16F7-4668-BE54-9A1E7A4F7556}") = "MicroRabbit.Banking.Domain", "MicroRabbit.Banking.Domain\MicroRabbit.Banking.Domain.csproj", "{AEB98D69-1F01-4F54-AA6D-1B7FC6C11E45}"
EndProject
Project("{9A19103F-16F7-4668-BE54-9A1E7A4F7556}") = "MicroRabbit.Banking.API", "MicroRabbit.Banking.API\MicroRabbit.Banking.API.csproj", "{14A9D697-65E8-4261-94C8-456BF55FE59D}"
EndProject
Project("{2150E333-8FDC-42A3-9474-1A3956D46DE8}") = "Transfer", "Transfer", "{1747861D-E8FA-41DB-9387-11BAC15A75FF}"
EndProject
Project("{2150E333-8FDC-42A3-9474-1A3956D46DE8}") = "Api", "Api", "{35D5DB46-0602-408D-B31E-F68CE80567ED}"
EndProject
Project("{2150E333-8FDC-42A3-9474-1A3956D46DE8}") = "Application", "Application", "{0EE70544-75CC-48BB-9F45-CA2C77EA6EEE}"
EndProject
Project("{2150E333-8FDC-42A3-9474-1A3956D46DE8}") = "Domain", "Domain", "{3F9AC9AB-65B9-40B3-B323-3B7F79F86AEE}"
EndProject
Project("{2150E333-8FDC-42A3-9474-1A3956D46DE8}") = "Data", "Data", "{406705B7-5F48-436B-84C6-D03796E25B34}"
EndProject
Project("{FAE04EC0-301F-11D3-BF4B-00C04F79EFBC}") = "MicroRabbit.Transfer.API", "MicroRabbit.Transfer.API\MicroRabbit.Transfer.API.csproj", "{FDF681A4-365A-411E-9223-4C26E739DD47}"
EndProject
Project("{FAE04EC0-301F-11D3-BF4B-00C04F79EFBC}") = "MicroRabbit.Transfer.Application", "MicroRabbit.Transfer.Application\MicroRabbit.Transfer.Application.csproj", "{4D120D6B-ECC6-4708-A9F8-045B839B6592}"
EndProject
Project("{FAE04EC0-301F-11D3-BF4B-00C04F79EFBC}") = "MicroRabbit.Transfer.Domain", "MicroRabbit.Transfer.Domain\MicroRabbit.Transfer.Domain.csproj", "{2686889B-7662-4CD1-BF52-FE731FB7DCDD}"
EndProject
Project("{FAE04EC0-301F-11D3-BF4B-00C04F79EFBC}") = "MicroRabbit.Transfer.Data", "MicroRabbit.Transfer.Data\MicroRabbit.Transfer.Data.csproj", "{65DA4F1D-7293-4DEA-9E82-ED0735026625}"
EndProject
Global
	GlobalSection(SolutionConfigurationPlatforms) = preSolution
		Debug|Any CPU = Debug|Any CPU
		Release|Any CPU = Release|Any CPU
	EndGlobalSection
	GlobalSection(ProjectConfigurationPlatforms) = postSolution
		{05912AB5-457A-4ACC-873D-1C0880A3D0FE}.Debug|Any CPU.ActiveCfg = Debug|Any CPU
		{05912AB5-457A-4ACC-873D-1C0880A3D0FE}.Debug|Any CPU.Build.0 = Debug|Any CPU
		{05912AB5-457A-4ACC-873D-1C0880A3D0FE}.Release|Any CPU.ActiveCfg = Release|Any CPU
		{05912AB5-457A-4ACC-873D-1C0880A3D0FE}.Release|Any CPU.Build.0 = Release|Any CPU
		{C411CFC8-FD9C-4035-A0E7-C46505083379}.Debug|Any CPU.ActiveCfg = Debug|Any CPU
		{C411CFC8-FD9C-4035-A0E7-C46505083379}.Debug|Any CPU.Build.0 = Debug|Any CPU
		{C411CFC8-FD9C-4035-A0E7-C46505083379}.Release|Any CPU.ActiveCfg = Release|Any CPU
		{C411CFC8-FD9C-4035-A0E7-C46505083379}.Release|Any CPU.Build.0 = Release|Any CPU
		{00ACFE78-5306-4FB9-97BA-F16702D7BC65}.Debug|Any CPU.ActiveCfg = Debug|Any CPU
		{00ACFE78-5306-4FB9-97BA-F16702D7BC65}.Debug|Any CPU.Build.0 = Debug|Any CPU
		{00ACFE78-5306-4FB9-97BA-F16702D7BC65}.Release|Any CPU.ActiveCfg = Release|Any CPU
		{00ACFE78-5306-4FB9-97BA-F16702D7BC65}.Release|Any CPU.Build.0 = Release|Any CPU
		{DFBB7DB6-F332-4D16-BCD6-FBE99DC446DA}.Debug|Any CPU.ActiveCfg = Debug|Any CPU
		{DFBB7DB6-F332-4D16-BCD6-FBE99DC446DA}.Debug|Any CPU.Build.0 = Debug|Any CPU
		{DFBB7DB6-F332-4D16-BCD6-FBE99DC446DA}.Release|Any CPU.ActiveCfg = Release|Any CPU
		{DFBB7DB6-F332-4D16-BCD6-FBE99DC446DA}.Release|Any CPU.Build.0 = Release|Any CPU
		{CBEF9761-50E5-4E05-8505-5C62F24F9FB4}.Debug|Any CPU.ActiveCfg = Debug|Any CPU
		{CBEF9761-50E5-4E05-8505-5C62F24F9FB4}.Debug|Any CPU.Build.0 = Debug|Any CPU
		{CBEF9761-50E5-4E05-8505-5C62F24F9FB4}.Release|Any CPU.ActiveCfg = Release|Any CPU
		{CBEF9761-50E5-4E05-8505-5C62F24F9FB4}.Release|Any CPU.Build.0 = Release|Any CPU
		{1C377849-3688-45AA-B0E1-2353DF966F2D}.Debug|Any CPU.ActiveCfg = Debug|Any CPU
		{1C377849-3688-45AA-B0E1-2353DF966F2D}.Debug|Any CPU.Build.0 = Debug|Any CPU
		{1C377849-3688-45AA-B0E1-2353DF966F2D}.Release|Any CPU.ActiveCfg = Release|Any CPU
		{1C377849-3688-45AA-B0E1-2353DF966F2D}.Release|Any CPU.Build.0 = Release|Any CPU
		{642070D0-4ABC-4C2F-BCAB-10801EB3007C}.Debug|Any CPU.ActiveCfg = Debug|Any CPU
		{642070D0-4ABC-4C2F-BCAB-10801EB3007C}.Debug|Any CPU.Build.0 = Debug|Any CPU
		{642070D0-4ABC-4C2F-BCAB-10801EB3007C}.Release|Any CPU.ActiveCfg = Release|Any CPU
		{642070D0-4ABC-4C2F-BCAB-10801EB3007C}.Release|Any CPU.Build.0 = Release|Any CPU
		{AEB98D69-1F01-4F54-AA6D-1B7FC6C11E45}.Debug|Any CPU.ActiveCfg = Debug|Any CPU
		{AEB98D69-1F01-4F54-AA6D-1B7FC6C11E45}.Debug|Any CPU.Build.0 = Debug|Any CPU
		{AEB98D69-1F01-4F54-AA6D-1B7FC6C11E45}.Release|Any CPU.ActiveCfg = Release|Any CPU
		{AEB98D69-1F01-4F54-AA6D-1B7FC6C11E45}.Release|Any CPU.Build.0 = Release|Any CPU
		{14A9D697-65E8-4261-94C8-456BF55FE59D}.Debug|Any CPU.ActiveCfg = Debug|Any CPU
		{14A9D697-65E8-4261-94C8-456BF55FE59D}.Debug|Any CPU.Build.0 = Debug|Any CPU
		{14A9D697-65E8-4261-94C8-456BF55FE59D}.Release|Any CPU.ActiveCfg = Release|Any CPU
		{14A9D697-65E8-4261-94C8-456BF55FE59D}.Release|Any CPU.Build.0 = Release|Any CPU
		{FDF681A4-365A-411E-9223-4C26E739DD47}.Debug|Any CPU.ActiveCfg = Debug|Any CPU
		{FDF681A4-365A-411E-9223-4C26E739DD47}.Debug|Any CPU.Build.0 = Debug|Any CPU
		{FDF681A4-365A-411E-9223-4C26E739DD47}.Release|Any CPU.ActiveCfg = Release|Any CPU
		{FDF681A4-365A-411E-9223-4C26E739DD47}.Release|Any CPU.Build.0 = Release|Any CPU
		{4D120D6B-ECC6-4708-A9F8-045B839B6592}.Debug|Any CPU.ActiveCfg = Debug|Any CPU
		{4D120D6B-ECC6-4708-A9F8-045B839B6592}.Debug|Any CPU.Build.0 = Debug|Any CPU
		{4D120D6B-ECC6-4708-A9F8-045B839B6592}.Release|Any CPU.ActiveCfg = Release|Any CPU
		{4D120D6B-ECC6-4708-A9F8-045B839B6592}.Release|Any CPU.Build.0 = Release|Any CPU
		{2686889B-7662-4CD1-BF52-FE731FB7DCDD}.Debug|Any CPU.ActiveCfg = Debug|Any CPU
		{2686889B-7662-4CD1-BF52-FE731FB7DCDD}.Debug|Any CPU.Build.0 = Debug|Any CPU
		{2686889B-7662-4CD1-BF52-FE731FB7DCDD}.Release|Any CPU.ActiveCfg = Release|Any CPU
		{2686889B-7662-4CD1-BF52-FE731FB7DCDD}.Release|Any CPU.Build.0 = Release|Any CPU
		{65DA4F1D-7293-4DEA-9E82-ED0735026625}.Debug|Any CPU.ActiveCfg = Debug|Any CPU
		{65DA4F1D-7293-4DEA-9E82-ED0735026625}.Debug|Any CPU.Build.0 = Debug|Any CPU
		{65DA4F1D-7293-4DEA-9E82-ED0735026625}.Release|Any CPU.ActiveCfg = Release|Any CPU
		{65DA4F1D-7293-4DEA-9E82-ED0735026625}.Release|Any CPU.Build.0 = Release|Any CPU
	EndGlobalSection
	GlobalSection(SolutionProperties) = preSolution
		HideSolutionNode = FALSE
	EndGlobalSection
	GlobalSection(NestedProjects) = preSolution
		{00ACFE78-5306-4FB9-97BA-F16702D7BC65} = {050DF7B5-C014-4F65-AB07-70ABB3E8B0F0}
		{DFBB7DB6-F332-4D16-BCD6-FBE99DC446DA} = {5FB09B0D-03F4-4B4A-8981-9BAB70DC9CA8}
		{CBEF9761-50E5-4E05-8505-5C62F24F9FB4} = {24F8A154-D1B2-4D9A-B058-A9DC3661CD67}
		{98A35B7C-AEFC-47A6-93BC-EE1F88247074} = {4D349557-AD08-42C5-9880-413E9A5638B3}
		{432EB496-46CA-4090-A5D5-13897AE3923D} = {98A35B7C-AEFC-47A6-93BC-EE1F88247074}
		{537B3A5F-0588-4302-B91A-6C9A2EDF3A23} = {98A35B7C-AEFC-47A6-93BC-EE1F88247074}
		{0C588AEC-CC5B-453A-BC8E-0101463950E5} = {98A35B7C-AEFC-47A6-93BC-EE1F88247074}
		{ECE6D6F8-7BF9-44CE-A46A-DA7DFD279130} = {98A35B7C-AEFC-47A6-93BC-EE1F88247074}
		{1C377849-3688-45AA-B0E1-2353DF966F2D} = {0C588AEC-CC5B-453A-BC8E-0101463950E5}
		{642070D0-4ABC-4C2F-BCAB-10801EB3007C} = {ECE6D6F8-7BF9-44CE-A46A-DA7DFD279130}
		{AEB98D69-1F01-4F54-AA6D-1B7FC6C11E45} = {537B3A5F-0588-4302-B91A-6C9A2EDF3A23}
		{14A9D697-65E8-4261-94C8-456BF55FE59D} = {432EB496-46CA-4090-A5D5-13897AE3923D}
		{1747861D-E8FA-41DB-9387-11BAC15A75FF} = {4D349557-AD08-42C5-9880-413E9A5638B3}
		{35D5DB46-0602-408D-B31E-F68CE80567ED} = {1747861D-E8FA-41DB-9387-11BAC15A75FF}
		{0EE70544-75CC-48BB-9F45-CA2C77EA6EEE} = {1747861D-E8FA-41DB-9387-11BAC15A75FF}
		{3F9AC9AB-65B9-40B3-B323-3B7F79F86AEE} = {1747861D-E8FA-41DB-9387-11BAC15A75FF}
		{406705B7-5F48-436B-84C6-D03796E25B34} = {1747861D-E8FA-41DB-9387-11BAC15A75FF}
		{FDF681A4-365A-411E-9223-4C26E739DD47} = {35D5DB46-0602-408D-B31E-F68CE80567ED}
		{4D120D6B-ECC6-4708-A9F8-045B839B6592} = {0EE70544-75CC-48BB-9F45-CA2C77EA6EEE}
		{2686889B-7662-4CD1-BF52-FE731FB7DCDD} = {3F9AC9AB-65B9-40B3-B323-3B7F79F86AEE}
		{65DA4F1D-7293-4DEA-9E82-ED0735026625} = {406705B7-5F48-436B-84C6-D03796E25B34}
	EndGlobalSection
	GlobalSection(ExtensibilityGlobals) = postSolution
		SolutionGuid = {E69C9705-9B25-421F-8FBA-855FAF4BE8F4}
	EndGlobalSection
EndGlobal
